
Microsoft Visual Studio Solution File, Format Version 12.00
# Visual Studio Version 16
VisualStudioVersion = 16.0.31005.135
MinimumVisualStudioVersion = 10.0.40219.1
Project("{9A19103F-16F7-4668-BE54-9A1E7A4F7556}") = "main", "main\main.csproj", "{6DAC881C-26C2-4C23-A597-8398CFE6CB41}"
EndProject
Global
	GlobalSection(SolutionConfigurationPlatforms) = preSolution
		Debug|Any CPU = Debug|Any CPU
		Release|Any CPU = Release|Any CPU
	EndGlobalSection
	GlobalSection(ProjectConfigurationPlatforms) = postSolution
		{6DAC881C-26C2-4C23-A597-8398CFE6CB41}.Debug|Any CPU.ActiveCfg = Debug|Any CPU
		{6DAC881C-26C2-4C23-A597-8398CFE6CB41}.Debug|Any CPU.Build.0 = Debug|Any CPU
		{6DAC881C-26C2-4C23-A597-8398CFE6CB41}.Release|Any CPU.ActiveCfg = Release|Any CPU
		{6DAC881C-26C2-4C23-A597-8398CFE6CB41}.Release|Any CPU.Build.0 = Release|Any CPU
	EndGlobalSection
	GlobalSection(SolutionProperties) = preSolution
		HideSolutionNode = FALSE
	EndGlobalSection
	GlobalSection(ExtensibilityGlobals) = postSolution
		SolutionGuid = {F8A8BA37-8337-4C56-AA36-F35E91381EA1}
	EndGlobalSection
EndGlobal
